
Microsoft Visual Studio Solution File, Format Version 12.00
# Visual Studio Version 16
VisualStudioVersion = 16.0.30523.141
MinimumVisualStudioVersion = 10.0.40219.1
Project("{FAE04EC0-301F-11D3-BF4B-00C04F79EFBC}") = "TRANSACTIONSURCHARGE", "TRANSACTIONSURCHARGE.csproj", "{71145138-CD33-4B44-AADF-A3E380CEBE60}"
EndProject
Global
	GlobalSection(SolutionConfigurationPlatforms) = preSolution
		Debug|Any CPU = Debug|Any CPU
		Release|Any CPU = Release|Any CPU
	EndGlobalSection
	GlobalSection(ProjectConfigurationPlatforms) = postSolution
		{71145138-CD33-4B44-AADF-A3E380CEBE60}.Debug|Any CPU.ActiveCfg = Debug|Any CPU
		{71145138-CD33-4B44-AADF-A3E380CEBE60}.Debug|Any CPU.Build.0 = Debug|Any CPU
		{71145138-CD33-4B44-AADF-A3E380CEBE60}.Release|Any CPU.ActiveCfg = Release|Any CPU
		{71145138-CD33-4B44-AADF-A3E380CEBE60}.Release|Any CPU.Build.0 = Release|Any CPU
	EndGlobalSection
	GlobalSection(SolutionProperties) = preSolution
		HideSolutionNode = FALSE
	EndGlobalSection
	GlobalSection(ExtensibilityGlobals) = postSolution
		SolutionGuid = {C11AB051-FD50-4167-B10C-9A3B8426186C}
	EndGlobalSection
EndGlobal
